
Microsoft Visual Studio Solution File, Format Version 12.00
# Visual Studio Version 17
VisualStudioVersion = 17.9.34728.123
MinimumVisualStudioVersion = 10.0.40219.1
Project("{FAE04EC0-301F-11D3-BF4B-00C04F79EFBC}") = "FacultyManagementSystem", "FacultyManagementSystem\FacultyManagementSystem.csproj", "{F38B0A4D-C194-48CD-B396-7150E8ABD9E7}"
EndProject
Global
	GlobalSection(SolutionConfigurationPlatforms) = preSolution
		Debug|Any CPU = Debug|Any CPU
		Release|Any CPU = Release|Any CPU
	EndGlobalSection
	GlobalSection(ProjectConfigurationPlatforms) = postSolution
		{F38B0A4D-C194-48CD-B396-7150E8ABD9E7}.Debug|Any CPU.ActiveCfg = Debug|Any CPU
		{F38B0A4D-C194-48CD-B396-7150E8ABD9E7}.Debug|Any CPU.Build.0 = Debug|Any CPU
		{F38B0A4D-C194-48CD-B396-7150E8ABD9E7}.Release|Any CPU.ActiveCfg = Release|Any CPU
		{F38B0A4D-C194-48CD-B396-7150E8ABD9E7}.Release|Any CPU.Build.0 = Release|Any CPU
	EndGlobalSection
	GlobalSection(SolutionProperties) = preSolution
		HideSolutionNode = FALSE
	EndGlobalSection
	GlobalSection(ExtensibilityGlobals) = postSolution
		SolutionGuid = {3B2F0F7B-014D-4917-A5B8-762DF618BA1A}
	EndGlobalSection
EndGlobal
